
Microsoft Visual Studio Solution File, Format Version 12.00
# Visual Studio Version 16
VisualStudioVersion = 16.0.36324.18
MinimumVisualStudioVersion = 10.0.40219.1
Project("{FAE04EC0-301F-11D3-BF4B-00C04F79EFBC}") = "cc9codefirstapproach", "cc9codefirstapproach\cc9codefirstapproach.csproj", "{0702165D-A535-4CC4-916E-92631F383EA5}"
EndProject
Global
	GlobalSection(SolutionConfigurationPlatforms) = preSolution
		Debug|Any CPU = Debug|Any CPU
		Release|Any CPU = Release|Any CPU
	EndGlobalSection
	GlobalSection(ProjectConfigurationPlatforms) = postSolution
		{0702165D-A535-4CC4-916E-92631F383EA5}.Debug|Any CPU.ActiveCfg = Debug|Any CPU
		{0702165D-A535-4CC4-916E-92631F383EA5}.Debug|Any CPU.Build.0 = Debug|Any CPU
		{0702165D-A535-4CC4-916E-92631F383EA5}.Release|Any CPU.ActiveCfg = Release|Any CPU
		{0702165D-A535-4CC4-916E-92631F383EA5}.Release|Any CPU.Build.0 = Release|Any CPU
	EndGlobalSection
	GlobalSection(SolutionProperties) = preSolution
		HideSolutionNode = FALSE
	EndGlobalSection
	GlobalSection(ExtensibilityGlobals) = postSolution
		SolutionGuid = {2E6AB35B-AA3C-4031-8577-77EE3AC81377}
	EndGlobalSection
EndGlobal
