
Microsoft Visual Studio Solution File, Format Version 12.00
# Visual Studio Version 16
VisualStudioVersion = 16.0.36324.18
MinimumVisualStudioVersion = 10.0.40219.1
Project("{FAE04EC0-301F-11D3-BF4B-00C04F79EFBC}") = "Northwindapi", "Northwindapi\Northwindapi.csproj", "{2EB1A1CA-0B7C-4833-A4B7-ED111E87DB1C}"
EndProject
Global
	GlobalSection(SolutionConfigurationPlatforms) = preSolution
		Debug|Any CPU = Debug|Any CPU
		Release|Any CPU = Release|Any CPU
	EndGlobalSection
	GlobalSection(ProjectConfigurationPlatforms) = postSolution
		{2EB1A1CA-0B7C-4833-A4B7-ED111E87DB1C}.Debug|Any CPU.ActiveCfg = Debug|Any CPU
		{2EB1A1CA-0B7C-4833-A4B7-ED111E87DB1C}.Debug|Any CPU.Build.0 = Debug|Any CPU
		{2EB1A1CA-0B7C-4833-A4B7-ED111E87DB1C}.Release|Any CPU.ActiveCfg = Release|Any CPU
		{2EB1A1CA-0B7C-4833-A4B7-ED111E87DB1C}.Release|Any CPU.Build.0 = Release|Any CPU
	EndGlobalSection
	GlobalSection(SolutionProperties) = preSolution
		HideSolutionNode = FALSE
	EndGlobalSection
	GlobalSection(ExtensibilityGlobals) = postSolution
		SolutionGuid = {6E2F7318-E2E8-4CC0-AE23-8EE952258734}
	EndGlobalSection
EndGlobal
